// !$*UTF8*$!
{
	archiveVersion = 1;
	classes = {
	};
	objectVersion = 55;
	objects = {

/* Begin PBXBuildFile section */
		DF5397DF281B499C00A6B0F5 /* Notes_and_ListsApp.swift in Sources */ = {isa = PBXBuildFile; fileRef = DF5397DE281B499C00A6B0F5 /* Notes_and_ListsApp.swift */; };
		DF5397E1281B499C00A6B0F5 /* ContentView.swift in Sources */ = {isa = PBXBuildFile; fileRef = DF5397E0281B499C00A6B0F5 /* ContentView.swift */; };
		DF5397E3281B499D00A6B0F5 /* Assets.xcassets in Resources */ = {isa = PBXBuildFile; fileRef = DF5397E2281B499D00A6B0F5 /* Assets.xcassets */; };
		DF5397E6281B499D00A6B0F5 /* Preview Assets.xcassets in Resources */ = {isa = PBXBuildFile; fileRef = DF5397E5281B499D00A6B0F5 /* Preview Assets.xcassets */; };
		DF5397ED281B49A700A6B0F5 /* NoteView.swift in Sources */ = {isa = PBXBuildFile; fileRef = DF5397EC281B49A700A6B0F5 /* NoteView.swift */; };
		DF5397EF281B6DDE00A6B0F5 /* ListView.swift in Sources */ = {isa = PBXBuildFile; fileRef = DF5397EE281B6DDE00A6B0F5 /* ListView.swift */; };
		DF5397F1281B732400A6B0F5 /* NoteListView.swift in Sources */ = {isa = PBXBuildFile; fileRef = DF5397F0281B732400A6B0F5 /* NoteListView.swift */; };
		DF5397F3281B77B800A6B0F5 /* AllListsView.swift in Sources */ = {isa = PBXBuildFile; fileRef = DF5397F2281B77B800A6B0F5 /* AllListsView.swift */; };
		DF5397F9281B7C9800A6B0F5 /* Model.xcdatamodeld in Sources */ = {isa = PBXBuildFile; fileRef = DF5397F7281B7C9800A6B0F5 /* Model.xcdatamodeld */; };
		DF5397FC281B7E1500A6B0F5 /* Note - Core Data Extensions.swift in Sources */ = {isa = PBXBuildFile; fileRef = DF5397FB281B7E1500A6B0F5 /* Note - Core Data Extensions.swift */; };
		DF5397FE281B7E8A00A6B0F5 /* Folder - Core Data Extensions.swift in Sources */ = {isa = PBXBuildFile; fileRef = DF5397FD281B7E8A00A6B0F5 /* Folder - Core Data Extensions.swift */; };
		DF539800281B7EE100A6B0F5 /* ToDoList - Core Data Extensions.swift in Sources */ = {isa = PBXBuildFile; fileRef = DF5397FF281B7EE100A6B0F5 /* ToDoList - Core Data Extensions.swift */; };
		DF539802281B7F5100A6B0F5 /* ToDoItem - Core Data Extensions.swift in Sources */ = {isa = PBXBuildFile; fileRef = DF539801281B7F5100A6B0F5 /* ToDoItem - Core Data Extensions.swift */; };
		DF539804281C36CE00A6B0F5 /* StorageProvider.swift in Sources */ = {isa = PBXBuildFile; fileRef = DF539803281C36CE00A6B0F5 /* StorageProvider.swift */; };
		DF539807281C390500A6B0F5 /* Creating Entities.swift in Sources */ = {isa = PBXBuildFile; fileRef = DF539806281C390500A6B0F5 /* Creating Entities.swift */; };
		DF53980A281C407700A6B0F5 /* CloudKit.framework in Frameworks */ = {isa = PBXBuildFile; fileRef = DF539809281C407700A6B0F5 /* CloudKit.framework */; };
		DF53980C281DAB3B00A6B0F5 /* NoteListCell.swift in Sources */ = {isa = PBXBuildFile; fileRef = DF53980B281DAB3B00A6B0F5 /* NoteListCell.swift */; };
		DF53980E281DB26B00A6B0F5 /* AllListsCell.swift in Sources */ = {isa = PBXBuildFile; fileRef = DF53980D281DB26B00A6B0F5 /* AllListsCell.swift */; };
		DF539810281DB7FB00A6B0F5 /* ListItemCell.swift in Sources */ = {isa = PBXBuildFile; fileRef = DF53980F281DB7FB00A6B0F5 /* ListItemCell.swift */; };
		DF539812281DBB5A00A6B0F5 /* ItemDetailView.swift in Sources */ = {isa = PBXBuildFile; fileRef = DF539811281DBB5A00A6B0F5 /* ItemDetailView.swift */; };
		DF539814281EFA3700A6B0F5 /* CreateListView.swift in Sources */ = {isa = PBXBuildFile; fileRef = DF539813281EFA3700A6B0F5 /* CreateListView.swift */; };
		DF539817281F4D4600A6B0F5 /* TabsView.swift in Sources */ = {isa = PBXBuildFile; fileRef = DF539816281F4D4600A6B0F5 /* TabsView.swift */; };
		DF53981A281F4D6400A6B0F5 /* SidebarView.swift in Sources */ = {isa = PBXBuildFile; fileRef = DF539819281F4D6400A6B0F5 /* SidebarView.swift */; };
		DF53981C28207A4A00A6B0F5 /* ListDetailView.swift in Sources */ = {isa = PBXBuildFile; fileRef = DF53981B28207A4A00A6B0F5 /* ListDetailView.swift */; };
/* End PBXBuildFile section */

/* Begin PBXFileReference section */
		DF5397DB281B499C00A6B0F5 /* Notes and Lists.app */ = {isa = PBXFileReference; explicitFileType = wrapper.application; includeInIndex = 0; path = "Notes and Lists.app"; sourceTree = BUILT_PRODUCTS_DIR; };
		DF5397DE281B499C00A6B0F5 /* Notes_and_ListsApp.swift */ = {isa = PBXFileReference; lastKnownFileType = sourcecode.swift; path = Notes_and_ListsApp.swift; sourceTree = "<group>"; };
		DF5397E0281B499C00A6B0F5 /* ContentView.swift */ = {isa = PBXFileReference; lastKnownFileType = sourcecode.swift; path = ContentView.swift; sourceTree = "<group>"; };
		DF5397E2281B499D00A6B0F5 /* Assets.xcassets */ = {isa = PBXFileReference; lastKnownFileType = folder.assetcatalog; path = Assets.xcassets; sourceTree = "<group>"; };
		DF5397E5281B499D00A6B0F5 /* Preview Assets.xcassets */ = {isa = PBXFileReference; lastKnownFileType = folder.assetcatalog; path = "Preview Assets.xcassets"; sourceTree = "<group>"; };
		DF5397EC281B49A700A6B0F5 /* NoteView.swift */ = {isa = PBXFileReference; lastKnownFileType = sourcecode.swift; path = NoteView.swift; sourceTree = "<group>"; };
		DF5397EE281B6DDE00A6B0F5 /* ListView.swift */ = {isa = PBXFileReference; lastKnownFileType = sourcecode.swift; path = ListView.swift; sourceTree = "<group>"; };
		DF5397F0281B732400A6B0F5 /* NoteListView.swift */ = {isa = PBXFileReference; lastKnownFileType = sourcecode.swift; path = NoteListView.swift; sourceTree = "<group>"; };
		DF5397F2281B77B800A6B0F5 /* AllListsView.swift */ = {isa = PBXFileReference; lastKnownFileType = sourcecode.swift; path = AllListsView.swift; sourceTree = "<group>"; };
		DF5397F8281B7C9800A6B0F5 /* Model.xcdatamodel */ = {isa = PBXFileReference; lastKnownFileType = wrapper.xcdatamodel; path = Model.xcdatamodel; sourceTree = "<group>"; };
		DF5397FB281B7E1500A6B0F5 /* Note - Core Data Extensions.swift */ = {isa = PBXFileReference; lastKnownFileType = sourcecode.swift; path = "Note - Core Data Extensions.swift"; sourceTree = "<group>"; };
		DF5397FD281B7E8A00A6B0F5 /* Folder - Core Data Extensions.swift */ = {isa = PBXFileReference; lastKnownFileType = sourcecode.swift; path = "Folder - Core Data Extensions.swift"; sourceTree = "<group>"; };
		DF5397FF281B7EE100A6B0F5 /* ToDoList - Core Data Extensions.swift */ = {isa = PBXFileReference; lastKnownFileType = sourcecode.swift; path = "ToDoList - Core Data Extensions.swift"; sourceTree = "<group>"; };
		DF539801281B7F5100A6B0F5 /* ToDoItem - Core Data Extensions.swift */ = {isa = PBXFileReference; lastKnownFileType = sourcecode.swift; path = "ToDoItem - Core Data Extensions.swift"; sourceTree = "<group>"; };
		DF539803281C36CE00A6B0F5 /* StorageProvider.swift */ = {isa = PBXFileReference; lastKnownFileType = sourcecode.swift; path = StorageProvider.swift; sourceTree = "<group>"; };
		DF539805281C375F00A6B0F5 /* Notes and Lists.entitlements */ = {isa = PBXFileReference; lastKnownFileType = text.plist.entitlements; path = "Notes and Lists.entitlements"; sourceTree = "<group>"; };
		DF539806281C390500A6B0F5 /* Creating Entities.swift */ = {isa = PBXFileReference; lastKnownFileType = sourcecode.swift; path = "Creating Entities.swift"; sourceTree = "<group>"; };
		DF539809281C407700A6B0F5 /* CloudKit.framework */ = {isa = PBXFileReference; lastKnownFileType = wrapper.framework; name = CloudKit.framework; path = System/Library/Frameworks/CloudKit.framework; sourceTree = SDKROOT; };
		DF53980B281DAB3B00A6B0F5 /* NoteListCell.swift */ = {isa = PBXFileReference; lastKnownFileType = sourcecode.swift; path = NoteListCell.swift; sourceTree = "<group>"; };
		DF53980D281DB26B00A6B0F5 /* AllListsCell.swift */ = {isa = PBXFileReference; lastKnownFileType = sourcecode.swift; path = AllListsCell.swift; sourceTree = "<group>"; };
		DF53980F281DB7FB00A6B0F5 /* ListItemCell.swift */ = {isa = PBXFileReference; lastKnownFileType = sourcecode.swift; path = ListItemCell.swift; sourceTree = "<group>"; };
		DF539811281DBB5A00A6B0F5 /* ItemDetailView.swift */ = {isa = PBXFileReference; lastKnownFileType = sourcecode.swift; path = ItemDetailView.swift; sourceTree = "<group>"; };
		DF539813281EFA3700A6B0F5 /* CreateListView.swift */ = {isa = PBXFileReference; lastKnownFileType = sourcecode.swift; path = CreateListView.swift; sourceTree = "<group>"; };
		DF539816281F4D4600A6B0F5 /* TabsView.swift */ = {isa = PBXFileReference; lastKnownFileType = sourcecode.swift; path = TabsView.swift; sourceTree = "<group>"; };
		DF539819281F4D6400A6B0F5 /* SidebarView.swift */ = {isa = PBXFileReference; lastKnownFileType = sourcecode.swift; path = SidebarView.swift; sourceTree = "<group>"; };
		DF53981B28207A4A00A6B0F5 /* ListDetailView.swift */ = {isa = PBXFileReference; lastKnownFileType = sourcecode.swift; path = ListDetailView.swift; sourceTree = "<group>"; };
/* End PBXFileReference section */

/* Begin PBXFrameworksBuildPhase section */
		DF5397D8281B499C00A6B0F5 /* Frameworks */ = {
			isa = PBXFrameworksBuildPhase;
			buildActionMask = 2147483647;
			files = (
				DF53980A281C407700A6B0F5 /* CloudKit.framework in Frameworks */,
			);
			runOnlyForDeploymentPostprocessing = 0;
		};
/* End PBXFrameworksBuildPhase section */

/* Begin PBXGroup section */
		DF5397D2281B499C00A6B0F5 = {
			isa = PBXGroup;
			children = (
				DF5397DD281B499C00A6B0F5 /* Notes and Lists */,
				DF5397DC281B499C00A6B0F5 /* Products */,
				DF539808281C407600A6B0F5 /* Frameworks */,
			);
			sourceTree = "<group>";
		};
		DF5397DC281B499C00A6B0F5 /* Products */ = {
			isa = PBXGroup;
			children = (
				DF5397DB281B499C00A6B0F5 /* Notes and Lists.app */,
			);
			name = Products;
			sourceTree = "<group>";
		};
		DF5397DD281B499C00A6B0F5 /* Notes and Lists */ = {
			isa = PBXGroup;
			children = (
				DF539805281C375F00A6B0F5 /* Notes and Lists.entitlements */,
				DF5397DE281B499C00A6B0F5 /* Notes_and_ListsApp.swift */,
				DF5397F4281B798000A6B0F5 /* Navigation */,
				DF5397FA281B7DED00A6B0F5 /* Core Data Extensions */,
				DF5397F7281B7C9800A6B0F5 /* Model.xcdatamodeld */,
				DF539803281C36CE00A6B0F5 /* StorageProvider.swift */,
				DF539806281C390500A6B0F5 /* Creating Entities.swift */,
				DF5397E2281B499D00A6B0F5 /* Assets.xcassets */,
				DF5397E4281B499D00A6B0F5 /* Preview Content */,
			);
			path = "Notes and Lists";
			sourceTree = "<group>";
		};
		DF5397E4281B499D00A6B0F5 /* Preview Content */ = {
			isa = PBXGroup;
			children = (
				DF5397E5281B499D00A6B0F5 /* Preview Assets.xcassets */,
			);
			path = "Preview Content";
			sourceTree = "<group>";
		};
		DF5397F4281B798000A6B0F5 /* Navigation */ = {
			isa = PBXGroup;
			children = (
				DF5397E0281B499C00A6B0F5 /* ContentView.swift */,
				DF539818281F4D5300A6B0F5 /* iPhone Views */,
				DF539815281F4D3000A6B0F5 /* iPad Views */,
				DF5397F5281B798B00A6B0F5 /* Notes */,
				DF5397F6281B799000A6B0F5 /* Lists */,
			);
			path = Navigation;
			sourceTree = "<group>";
		};
		DF5397F5281B798B00A6B0F5 /* Notes */ = {
			isa = PBXGroup;
			children = (
				DF5397F0281B732400A6B0F5 /* NoteListView.swift */,
				DF53980B281DAB3B00A6B0F5 /* NoteListCell.swift */,
				DF5397EC281B49A700A6B0F5 /* NoteView.swift */,
			);
			path = Notes;
			sourceTree = "<group>";
		};
		DF5397F6281B799000A6B0F5 /* Lists */ = {
			isa = PBXGroup;
			children = (
				DF5397F2281B77B800A6B0F5 /* AllListsView.swift */,
				DF53980D281DB26B00A6B0F5 /* AllListsCell.swift */,
				DF539813281EFA3700A6B0F5 /* CreateListView.swift */,
				DF5397EE281B6DDE00A6B0F5 /* ListView.swift */,
				DF53981B28207A4A00A6B0F5 /* ListDetailView.swift */,
				DF53980F281DB7FB00A6B0F5 /* ListItemCell.swift */,
				DF539811281DBB5A00A6B0F5 /* ItemDetailView.swift */,
			);
			path = Lists;
			sourceTree = "<group>";
		};
		DF5397FA281B7DED00A6B0F5 /* Core Data Extensions */ = {
			isa = PBXGroup;
			children = (
				DF5397FB281B7E1500A6B0F5 /* Note - Core Data Extensions.swift */,
				DF5397FD281B7E8A00A6B0F5 /* Folder - Core Data Extensions.swift */,
				DF5397FF281B7EE100A6B0F5 /* ToDoList - Core Data Extensions.swift */,
				DF539801281B7F5100A6B0F5 /* ToDoItem - Core Data Extensions.swift */,
			);
			path = "Core Data Extensions";
			sourceTree = "<group>";
		};
		DF539808281C407600A6B0F5 /* Frameworks */ = {
			isa = PBXGroup;
			children = (
				DF539809281C407700A6B0F5 /* CloudKit.framework */,
			);
			name = Frameworks;
			sourceTree = "<group>";
		};
		DF539815281F4D3000A6B0F5 /* iPad Views */ = {
			isa = PBXGroup;
			children = (
				DF539819281F4D6400A6B0F5 /* SidebarView.swift */,
			);
			path = "iPad Views";
			sourceTree = "<group>";
		};
		DF539818281F4D5300A6B0F5 /* iPhone Views */ = {
			isa = PBXGroup;
			children = (
				DF539816281F4D4600A6B0F5 /* TabsView.swift */,
			);
			path = "iPhone Views";
			sourceTree = "<group>";
		};
/* End PBXGroup section */

/* Begin PBXNativeTarget section */
		DF5397DA281B499C00A6B0F5 /* Notes and Lists */ = {
			isa = PBXNativeTarget;
			buildConfigurationList = DF5397E9281B499D00A6B0F5 /* Build configuration list for PBXNativeTarget "Notes and Lists" */;
			buildPhases = (
				DF5397D7281B499C00A6B0F5 /* Sources */,
				DF5397D8281B499C00A6B0F5 /* Frameworks */,
				DF5397D9281B499C00A6B0F5 /* Resources */,
			);
			buildRules = (
			);
			dependencies = (
			);
			name = "Notes and Lists";
			productName = "Notes and Lists";
			productReference = DF5397DB281B499C00A6B0F5 /* Notes and Lists.app */;
			productType = "com.apple.product-type.application";
		};
/* End PBXNativeTarget section */

/* Begin PBXProject section */
		DF5397D3281B499C00A6B0F5 /* Project object */ = {
			isa = PBXProject;
			attributes = {
				BuildIndependentTargetsInParallel = 1;
				LastSwiftUpdateCheck = 1330;
				LastUpgradeCheck = 1330;
				TargetAttributes = {
					DF5397DA281B499C00A6B0F5 = {
						CreatedOnToolsVersion = 13.3.1;
					};
				};
			};
			buildConfigurationList = DF5397D6281B499C00A6B0F5 /* Build configuration list for PBXProject "Notes and Lists" */;
			compatibilityVersion = "Xcode 13.0";
			developmentRegion = en;
			hasScannedForEncodings = 0;
			knownRegions = (
				en,
				Base,
			);
			mainGroup = DF5397D2281B499C00A6B0F5;
			productRefGroup = DF5397DC281B499C00A6B0F5 /* Products */;
			projectDirPath = "";
			projectRoot = "";
			targets = (
				DF5397DA281B499C00A6B0F5 /* Notes and Lists */,
			);
		};
/* End PBXProject section */

/* Begin PBXResourcesBuildPhase section */
		DF5397D9281B499C00A6B0F5 /* Resources */ = {
			isa = PBXResourcesBuildPhase;
			buildActionMask = 2147483647;
			files = (
				DF5397E6281B499D00A6B0F5 /* Preview Assets.xcassets in Resources */,
				DF5397E3281B499D00A6B0F5 /* Assets.xcassets in Resources */,
			);
			runOnlyForDeploymentPostprocessing = 0;
		};
/* End PBXResourcesBuildPhase section */

/* Begin PBXSourcesBuildPhase section */
		DF5397D7281B499C00A6B0F5 /* Sources */ = {
			isa = PBXSourcesBuildPhase;
			buildActionMask = 2147483647;
			files = (
				DF5397EF281B6DDE00A6B0F5 /* ListView.swift in Sources */,
				DF5397E1281B499C00A6B0F5 /* ContentView.swift in Sources */,
				DF5397F1281B732400A6B0F5 /* NoteListView.swift in Sources */,
				DF5397F9281B7C9800A6B0F5 /* Model.xcdatamodeld in Sources */,
				DF539807281C390500A6B0F5 /* Creating Entities.swift in Sources */,
				DF539804281C36CE00A6B0F5 /* StorageProvider.swift in Sources */,
				DF53981C28207A4A00A6B0F5 /* ListDetailView.swift in Sources */,
				DF5397DF281B499C00A6B0F5 /* Notes_and_ListsApp.swift in Sources */,
				DF5397F3281B77B800A6B0F5 /* AllListsView.swift in Sources */,
				DF539812281DBB5A00A6B0F5 /* ItemDetailView.swift in Sources */,
				DF539817281F4D4600A6B0F5 /* TabsView.swift in Sources */,
				DF539810281DB7FB00A6B0F5 /* ListItemCell.swift in Sources */,
				DF539802281B7F5100A6B0F5 /* ToDoItem - Core Data Extensions.swift in Sources */,
				DF5397FE281B7E8A00A6B0F5 /* Folder - Core Data Extensions.swift in Sources */,
				DF539814281EFA3700A6B0F5 /* CreateListView.swift in Sources */,
				DF539800281B7EE100A6B0F5 /* ToDoList - Core Data Extensions.swift in Sources */,
				DF53980C281DAB3B00A6B0F5 /* NoteListCell.swift in Sources */,
				DF53980E281DB26B00A6B0F5 /* AllListsCell.swift in Sources */,
				DF53981A281F4D6400A6B0F5 /* SidebarView.swift in Sources */,
				DF5397FC281B7E1500A6B0F5 /* Note - Core Data Extensions.swift in Sources */,
				DF5397ED281B49A700A6B0F5 /* NoteView.swift in Sources */,
			);
			runOnlyForDeploymentPostprocessing = 0;
		};
/* End PBXSourcesBuildPhase section */

/* Begin XCBuildConfiguration section */
		DF5397E7281B499D00A6B0F5 /* Debug */ = {
			isa = XCBuildConfiguration;
			buildSettings = {
				ALWAYS_SEARCH_USER_PATHS = NO;
				CLANG_ANALYZER_NONNULL = YES;
				CLANG_ANALYZER_NUMBER_OBJECT_CONVERSION = YES_AGGRESSIVE;
				CLANG_CXX_LANGUAGE_STANDARD = "gnu++17";
				CLANG_ENABLE_MODULES = YES;
				CLANG_ENABLE_OBJC_ARC = YES;
				CLANG_ENABLE_OBJC_WEAK = YES;
				CLANG_WARN_BLOCK_CAPTURE_AUTORELEASING = YES;
				CLANG_WARN_BOOL_CONVERSION = YES;
				CLANG_WARN_COMMA = YES;
				CLANG_WARN_CONSTANT_CONVERSION = YES;
				CLANG_WARN_DEPRECATED_OBJC_IMPLEMENTATIONS = YES;
				CLANG_WARN_DIRECT_OBJC_ISA_USAGE = YES_ERROR;
				CLANG_WARN_DOCUMENTATION_COMMENTS = YES;
				CLANG_WARN_EMPTY_BODY = YES;
				CLANG_WARN_ENUM_CONVERSION = YES;
				CLANG_WARN_INFINITE_RECURSION = YES;
				CLANG_WARN_INT_CONVERSION = YES;
				CLANG_WARN_NON_LITERAL_NULL_CONVERSION = YES;
				CLANG_WARN_OBJC_IMPLICIT_RETAIN_SELF = YES;
				CLANG_WARN_OBJC_LITERAL_CONVERSION = YES;
				CLANG_WARN_OBJC_ROOT_CLASS = YES_ERROR;
				CLANG_WARN_QUOTED_INCLUDE_IN_FRAMEWORK_HEADER = YES;
				CLANG_WARN_RANGE_LOOP_ANALYSIS = YES;
				CLANG_WARN_STRICT_PROTOTYPES = YES;
				CLANG_WARN_SUSPICIOUS_MOVE = YES;
				CLANG_WARN_UNGUARDED_AVAILABILITY = YES_AGGRESSIVE;
				CLANG_WARN_UNREACHABLE_CODE = YES;
				CLANG_WARN__DUPLICATE_METHOD_MATCH = YES;
				COPY_PHASE_STRIP = NO;
				DEBUG_INFORMATION_FORMAT = dwarf;
				ENABLE_STRICT_OBJC_MSGSEND = YES;
				ENABLE_TESTABILITY = YES;
				GCC_C_LANGUAGE_STANDARD = gnu11;
				GCC_DYNAMIC_NO_PIC = NO;
				GCC_NO_COMMON_BLOCKS = YES;
				GCC_OPTIMIZATION_LEVEL = 0;
				GCC_PREPROCESSOR_DEFINITIONS = (
					"DEBUG=1",
					"$(inherited)",
				);
				GCC_WARN_64_TO_32_BIT_CONVERSION = YES;
				GCC_WARN_ABOUT_RETURN_TYPE = YES_ERROR;
				GCC_WARN_UNDECLARED_SELECTOR = YES;
				GCC_WARN_UNINITIALIZED_AUTOS = YES_AGGRESSIVE;
				GCC_WARN_UNUSED_FUNCTION = YES;
				GCC_WARN_UNUSED_VARIABLE = YES;
				IPHONEOS_DEPLOYMENT_TARGET = 15.4;
				MTL_ENABLE_DEBUG_INFO = INCLUDE_SOURCE;
				MTL_FAST_MATH = YES;
				ONLY_ACTIVE_ARCH = YES;
				SDKROOT = iphoneos;
				SWIFT_ACTIVE_COMPILATION_CONDITIONS = DEBUG;
				SWIFT_OPTIMIZATION_LEVEL = "-Onone";
			};
			name = Debug;
		};
		DF5397E8281B499D00A6B0F5 /* Release */ = {
			isa = XCBuildConfiguration;
			buildSettings = {
				ALWAYS_SEARCH_USER_PATHS = NO;
				CLANG_ANALYZER_NONNULL = YES;
				CLANG_ANALYZER_NUMBER_OBJECT_CONVERSION = YES_AGGRESSIVE;
				CLANG_CXX_LANGUAGE_STANDARD = "gnu++17";
				CLANG_ENABLE_MODULES = YES;
				CLANG_ENABLE_OBJC_ARC = YES;
				CLANG_ENABLE_OBJC_WEAK = YES;
				CLANG_WARN_BLOCK_CAPTURE_AUTORELEASING = YES;
				CLANG_WARN_BOOL_CONVERSION = YES;
				CLANG_WARN_COMMA = YES;
				CLANG_WARN_CONSTANT_CONVERSION = YES;
				CLANG_WARN_DEPRECATED_OBJC_IMPLEMENTATIONS = YES;
				CLANG_WARN_DIRECT_OBJC_ISA_USAGE = YES_ERROR;
				CLANG_WARN_DOCUMENTATION_COMMENTS = YES;
				CLANG_WARN_EMPTY_BODY = YES;
				CLANG_WARN_ENUM_CONVERSION = YES;
				CLANG_WARN_INFINITE_RECURSION = YES;
				CLANG_WARN_INT_CONVERSION = YES;
				CLANG_WARN_NON_LITERAL_NULL_CONVERSION = YES;
				CLANG_WARN_OBJC_IMPLICIT_RETAIN_SELF = YES;
				CLANG_WARN_OBJC_LITERAL_CONVERSION = YES;
				CLANG_WARN_OBJC_ROOT_CLASS = YES_ERROR;
				CLANG_WARN_QUOTED_INCLUDE_IN_FRAMEWORK_HEADER = YES;
				CLANG_WARN_RANGE_LOOP_ANALYSIS = YES;
				CLANG_WARN_STRICT_PROTOTYPES = YES;
				CLANG_WARN_SUSPICIOUS_MOVE = YES;
				CLANG_WARN_UNGUARDED_AVAILABILITY = YES_AGGRESSIVE;
				CLANG_WARN_UNREACHABLE_CODE = YES;
				CLANG_WARN__DUPLICATE_METHOD_MATCH = YES;
				COPY_PHASE_STRIP = NO;
				DEBUG_INFORMATION_FORMAT = "dwarf-with-dsym";
				ENABLE_NS_ASSERTIONS = NO;
				ENABLE_STRICT_OBJC_MSGSEND = YES;
				GCC_C_LANGUAGE_STANDARD = gnu11;
				GCC_NO_COMMON_BLOCKS = YES;
				GCC_WARN_64_TO_32_BIT_CONVERSION = YES;
				GCC_WARN_ABOUT_RETURN_TYPE = YES_ERROR;
				GCC_WARN_UNDECLARED_SELECTOR = YES;
				GCC_WARN_UNINITIALIZED_AUTOS = YES_AGGRESSIVE;
				GCC_WARN_UNUSED_FUNCTION = YES;
				GCC_WARN_UNUSED_VARIABLE = YES;
				IPHONEOS_DEPLOYMENT_TARGET = 15.4;
				MTL_ENABLE_DEBUG_INFO = NO;
				MTL_FAST_MATH = YES;
				SDKROOT = iphoneos;
				SWIFT_COMPILATION_MODE = wholemodule;
				SWIFT_OPTIMIZATION_LEVEL = "-O";
				VALIDATE_PRODUCT = YES;
			};
			name = Release;
		};
		DF5397EA281B499D00A6B0F5 /* Debug */ = {
			isa = XCBuildConfiguration;
			buildSettings = {
				ASSETCATALOG_COMPILER_APPICON_NAME = AppIcon;
				ASSETCATALOG_COMPILER_GLOBAL_ACCENT_COLOR_NAME = AccentColor;
				CODE_SIGN_ENTITLEMENTS = "Notes and Lists/Notes and Lists.entitlements";
				CODE_SIGN_STYLE = Automatic;
				CURRENT_PROJECT_VERSION = 1;
				DEVELOPMENT_ASSET_PATHS = "\"Notes and Lists/Preview Content\"";
				DEVELOPMENT_TEAM = 5A43V4Q3RB;
				ENABLE_PREVIEWS = YES;
				GENERATE_INFOPLIST_FILE = YES;
				INFOPLIST_KEY_UIApplicationSceneManifest_Generation = YES;
				INFOPLIST_KEY_UIApplicationSupportsIndirectInputEvents = YES;
				INFOPLIST_KEY_UILaunchScreen_Generation = YES;
				INFOPLIST_KEY_UISupportedInterfaceOrientations_iPad = "UIInterfaceOrientationPortrait UIInterfaceOrientationPortraitUpsideDown UIInterfaceOrientationLandscapeLeft UIInterfaceOrientationLandscapeRight";
				INFOPLIST_KEY_UISupportedInterfaceOrientations_iPhone = "UIInterfaceOrientationPortrait UIInterfaceOrientationLandscapeLeft UIInterfaceOrientationLandscapeRight";
				LD_RUNPATH_SEARCH_PATHS = (
					"$(inherited)",
					"@executable_path/Frameworks",
				);
				MARKETING_VERSION = 1.0;
				PRODUCT_BUNDLE_IDENTIFIER = "com.magdiel.Notes-and-Lists";
				PRODUCT_NAME = "$(TARGET_NAME)";
				SWIFT_EMIT_LOC_STRINGS = YES;
				SWIFT_VERSION = 5.0;
				TARGETED_DEVICE_FAMILY = "1,2";
			};
			name = Debug;
		};
		DF5397EB281B499D00A6B0F5 /* Release */ = {
			isa = XCBuildConfiguration;
			buildSettings = {
				ASSETCATALOG_COMPILER_APPICON_NAME = AppIcon;
				ASSETCATALOG_COMPILER_GLOBAL_ACCENT_COLOR_NAME = AccentColor;
				CODE_SIGN_ENTITLEMENTS = "Notes and Lists/Notes and Lists.entitlements";
				CODE_SIGN_STYLE = Automatic;
				CURRENT_PROJECT_VERSION = 1;
				DEVELOPMENT_ASSET_PATHS = "\"Notes and Lists/Preview Content\"";
				DEVELOPMENT_TEAM = 5A43V4Q3RB;
				ENABLE_PREVIEWS = YES;
				GENERATE_INFOPLIST_FILE = YES;
				INFOPLIST_KEY_UIApplicationSceneManifest_Generation = YES;
				INFOPLIST_KEY_UIApplicationSupportsIndirectInputEvents = YES;
				INFOPLIST_KEY_UILaunchScreen_Generation = YES;
				INFOPLIST_KEY_UISupportedInterfaceOrientations_iPad = "UIInterfaceOrientationPortrait UIInterfaceOrientationPortraitUpsideDown UIInterfaceOrientationLandscapeLeft UIInterfaceOrientationLandscapeRight";
				INFOPLIST_KEY_UISupportedInterfaceOrientations_iPhone = "UIInterfaceOrientationPortrait UIInterfaceOrientationLandscapeLeft UIInterfaceOrientationLandscapeRight";
				LD_RUNPATH_SEARCH_PATHS = (
					"$(inherited)",
					"@executable_path/Frameworks",
				);
				MARKETING_VERSION = 1.0;
				PRODUCT_BUNDLE_IDENTIFIER = "com.magdiel.Notes-and-Lists";
				PRODUCT_NAME = "$(TARGET_NAME)";
				SWIFT_EMIT_LOC_STRINGS = YES;
				SWIFT_VERSION = 5.0;
				TARGETED_DEVICE_FAMILY = "1,2";
			};
			name = Release;
		};
/* End XCBuildConfiguration section */

/* Begin XCConfigurationList section */
		DF5397D6281B499C00A6B0F5 /* Build configuration list for PBXProject "Notes and Lists" */ = {
			isa = XCConfigurationList;
			buildConfigurations = (
				DF5397E7281B499D00A6B0F5 /* Debug */,
				DF5397E8281B499D00A6B0F5 /* Release */,
			);
			defaultConfigurationIsVisible = 0;
			defaultConfigurationName = Release;
		};
		DF5397E9281B499D00A6B0F5 /* Build configuration list for PBXNativeTarget "Notes and Lists" */ = {
			isa = XCConfigurationList;
			buildConfigurations = (
				DF5397EA281B499D00A6B0F5 /* Debug */,
				DF5397EB281B499D00A6B0F5 /* Release */,
			);
			defaultConfigurationIsVisible = 0;
			defaultConfigurationName = Release;
		};
/* End XCConfigurationList section */

/* Begin XCVersionGroup section */
		DF5397F7281B7C9800A6B0F5 /* Model.xcdatamodeld */ = {
			isa = XCVersionGroup;
			children = (
				DF5397F8281B7C9800A6B0F5 /* Model.xcdatamodel */,
			);
			currentVersion = DF5397F8281B7C9800A6B0F5 /* Model.xcdatamodel */;
			path = Model.xcdatamodeld;
			sourceTree = "<group>";
			versionGroupType = wrapper.xcdatamodel;
		};
/* End XCVersionGroup section */
	};
	rootObject = DF5397D3281B499C00A6B0F5 /* Project object */;
}
